// !$*UTF8*$!
{
	archiveVersion = 1;
	classes = {
	};
	objectVersion = 46;
	objects = {

/* Begin PBXBuildFile section */
		271F9D101DD2C2F8009188E5 /* GoogleService-Info.plist in Resources */ = {isa = PBXBuildFile; fileRef = 271F9D0F1DD2C2F8009188E5 /* GoogleService-Info.plist */; };
		271F9D121DD2DF4F009188E5 /* User.swift in Sources */ = {isa = PBXBuildFile; fileRef = 271F9D111DD2DF4F009188E5 /* User.swift */; };
		276B2FB71DCBA81200CC1F8B /* AppDelegate.swift in Sources */ = {isa = PBXBuildFile; fileRef = 276B2FB61DCBA81200CC1F8B /* AppDelegate.swift */; };
		276B2FB91DCBA81200CC1F8B /* ViewController.swift in Sources */ = {isa = PBXBuildFile; fileRef = 276B2FB81DCBA81200CC1F8B /* ViewController.swift */; };
		276B2FBC1DCBA81200CC1F8B /* Main.storyboard in Resources */ = {isa = PBXBuildFile; fileRef = 276B2FBA1DCBA81200CC1F8B /* Main.storyboard */; };
		276B2FBE1DCBA81200CC1F8B /* Assets.xcassets in Resources */ = {isa = PBXBuildFile; fileRef = 276B2FBD1DCBA81200CC1F8B /* Assets.xcassets */; };
		276B2FC11DCBA81200CC1F8B /* LaunchScreen.storyboard in Resources */ = {isa = PBXBuildFile; fileRef = 276B2FBF1DCBA81200CC1F8B /* LaunchScreen.storyboard */; };
		276B2FC91DCBA83600CC1F8B /* Post.swift in Sources */ = {isa = PBXBuildFile; fileRef = 276B2FC81DCBA83600CC1F8B /* Post.swift */; };
		27D594AB1DD3B40000A5C3CE /* PostType.swift in Sources */ = {isa = PBXBuildFile; fileRef = 27D594AA1DD3B40000A5C3CE /* PostType.swift */; };
		27D594AD1DD4146D00A5C3CE /* PostsTableViewController.swift in Sources */ = {isa = PBXBuildFile; fileRef = 27D594AC1DD4146D00A5C3CE /* PostsTableViewController.swift */; };
		27D594B01DD4E59900A5C3CE /* Profile.swift in Sources */ = {isa = PBXBuildFile; fileRef = 27D594AF1DD4E59900A5C3CE /* Profile.swift */; };
		27D594B21DD4E92D00A5C3CE /* ProfileViewController.swift in Sources */ = {isa = PBXBuildFile; fileRef = 27D594B11DD4E92D00A5C3CE /* ProfileViewController.swift */; };
		27D594B61DD6555800A5C3CE /* FilterViewController.swift in Sources */ = {isa = PBXBuildFile; fileRef = 27D594B51DD6555800A5C3CE /* FilterViewController.swift */; };
		72E716BF9BAD7BA4E131E34B /* Pods_MentorMe.framework in Frameworks */ = {isa = PBXBuildFile; fileRef = 88B025F93F1FA84A36793E9B /* Pods_MentorMe.framework */; };
/* End PBXBuildFile section */

/* Begin PBXFileReference section */
		271F9D0F1DD2C2F8009188E5 /* GoogleService-Info.plist */ = {isa = PBXFileReference; fileEncoding = 4; lastKnownFileType = text.plist.xml; path = "GoogleService-Info.plist"; sourceTree = "<group>"; };
		271F9D111DD2DF4F009188E5 /* User.swift */ = {isa = PBXFileReference; fileEncoding = 4; lastKnownFileType = sourcecode.swift; name = User.swift; path = Model/User.swift; sourceTree = "<group>"; };
		276B2FB31DCBA81200CC1F8B /* MentorMe.app */ = {isa = PBXFileReference; explicitFileType = wrapper.application; includeInIndex = 0; path = MentorMe.app; sourceTree = BUILT_PRODUCTS_DIR; };
		276B2FB61DCBA81200CC1F8B /* AppDelegate.swift */ = {isa = PBXFileReference; lastKnownFileType = sourcecode.swift; path = AppDelegate.swift; sourceTree = "<group>"; };
		276B2FB81DCBA81200CC1F8B /* ViewController.swift */ = {isa = PBXFileReference; lastKnownFileType = sourcecode.swift; name = ViewController.swift; path = Controller/ViewController.swift; sourceTree = "<group>"; };
		276B2FBB1DCBA81200CC1F8B /* Base */ = {isa = PBXFileReference; lastKnownFileType = file.storyboard; name = Base; path = Base.lproj/Main.storyboard; sourceTree = "<group>"; };
		276B2FBD1DCBA81200CC1F8B /* Assets.xcassets */ = {isa = PBXFileReference; lastKnownFileType = folder.assetcatalog; path = Assets.xcassets; sourceTree = "<group>"; };
		276B2FC01DCBA81200CC1F8B /* Base */ = {isa = PBXFileReference; lastKnownFileType = file.storyboard; name = Base; path = Base.lproj/LaunchScreen.storyboard; sourceTree = "<group>"; };
		276B2FC21DCBA81200CC1F8B /* Info.plist */ = {isa = PBXFileReference; lastKnownFileType = text.plist.xml; path = Info.plist; sourceTree = "<group>"; };
		276B2FC81DCBA83600CC1F8B /* Post.swift */ = {isa = PBXFileReference; fileEncoding = 4; lastKnownFileType = sourcecode.swift; name = Post.swift; path = Model/Post.swift; sourceTree = "<group>"; };
		27D594AA1DD3B40000A5C3CE /* PostType.swift */ = {isa = PBXFileReference; fileEncoding = 4; lastKnownFileType = sourcecode.swift; name = PostType.swift; path = Model/PostType.swift; sourceTree = "<group>"; };
		27D594AC1DD4146D00A5C3CE /* PostsTableViewController.swift */ = {isa = PBXFileReference; fileEncoding = 4; lastKnownFileType = sourcecode.swift; name = PostsTableViewController.swift; path = Controller/PostsTableViewController.swift; sourceTree = "<group>"; };
		27D594AF1DD4E59900A5C3CE /* Profile.swift */ = {isa = PBXFileReference; fileEncoding = 4; lastKnownFileType = sourcecode.swift; name = Profile.swift; path = Model/Profile.swift; sourceTree = "<group>"; };
		27D594B11DD4E92D00A5C3CE /* ProfileViewController.swift */ = {isa = PBXFileReference; fileEncoding = 4; lastKnownFileType = sourcecode.swift; name = ProfileViewController.swift; path = Controller/ProfileViewController.swift; sourceTree = "<group>"; };
		27D594B51DD6555800A5C3CE /* FilterViewController.swift */ = {isa = PBXFileReference; fileEncoding = 4; lastKnownFileType = sourcecode.swift; name = FilterViewController.swift; path = Controller/FilterViewController.swift; sourceTree = "<group>"; };
		4D0ADDD511F4D28787030B17 /* Pods-MentorMe.debug.xcconfig */ = {isa = PBXFileReference; includeInIndex = 1; lastKnownFileType = text.xcconfig; name = "Pods-MentorMe.debug.xcconfig"; path = "Pods/Target Support Files/Pods-MentorMe/Pods-MentorMe.debug.xcconfig"; sourceTree = "<group>"; };
		88B025F93F1FA84A36793E9B /* Pods_MentorMe.framework */ = {isa = PBXFileReference; explicitFileType = wrapper.framework; includeInIndex = 0; path = Pods_MentorMe.framework; sourceTree = BUILT_PRODUCTS_DIR; };
		900C7364CB3B1C09C59BD3A0 /* Pods-MentorMe.release.xcconfig */ = {isa = PBXFileReference; includeInIndex = 1; lastKnownFileType = text.xcconfig; name = "Pods-MentorMe.release.xcconfig"; path = "Pods/Target Support Files/Pods-MentorMe/Pods-MentorMe.release.xcconfig"; sourceTree = "<group>"; };
/* End PBXFileReference section */

/* Begin PBXFrameworksBuildPhase section */
		276B2FB01DCBA81200CC1F8B /* Frameworks */ = {
			isa = PBXFrameworksBuildPhase;
			buildActionMask = 2147483647;
			files = (
				72E716BF9BAD7BA4E131E34B /* Pods_MentorMe.framework in Frameworks */,
			);
			runOnlyForDeploymentPostprocessing = 0;
		};
/* End PBXFrameworksBuildPhase section */

/* Begin PBXGroup section */
		276B2FAA1DCBA81200CC1F8B = {
			isa = PBXGroup;
			children = (
				276B2FB51DCBA81200CC1F8B /* MentorMe */,
				276B2FB41DCBA81200CC1F8B /* Products */,
				E17B24E02B48BFB5FEA89D1E /* Pods */,
				C77CA79EEC923B9087CC3000 /* Frameworks */,
			);
			sourceTree = "<group>";
		};
		276B2FB41DCBA81200CC1F8B /* Products */ = {
			isa = PBXGroup;
			children = (
				276B2FB31DCBA81200CC1F8B /* MentorMe.app */,
			);
			name = Products;
			sourceTree = "<group>";
		};
		276B2FB51DCBA81200CC1F8B /* MentorMe */ = {
			isa = PBXGroup;
			children = (
				276B2FB61DCBA81200CC1F8B /* AppDelegate.swift */,
				276B2FBA1DCBA81200CC1F8B /* Main.storyboard */,
				276B2FBD1DCBA81200CC1F8B /* Assets.xcassets */,
				276B2FBF1DCBA81200CC1F8B /* LaunchScreen.storyboard */,
				276B2FC21DCBA81200CC1F8B /* Info.plist */,
				271F9D0F1DD2C2F8009188E5 /* GoogleService-Info.plist */,
				27D594AE1DD4149A00A5C3CE /* Controller */,
				276B2FCA1DCBA83A00CC1F8B /* Model */,
			);
			path = MentorMe;
			sourceTree = "<group>";
		};
		276B2FCA1DCBA83A00CC1F8B /* Model */ = {
			isa = PBXGroup;
			children = (
				276B2FC81DCBA83600CC1F8B /* Post.swift */,
				271F9D111DD2DF4F009188E5 /* User.swift */,
				27D594AA1DD3B40000A5C3CE /* PostType.swift */,
				27D594AF1DD4E59900A5C3CE /* Profile.swift */,
			);
			name = Model;
			sourceTree = "<group>";
		};
		27D594AE1DD4149A00A5C3CE /* Controller */ = {
			isa = PBXGroup;
			children = (
				276B2FB81DCBA81200CC1F8B /* ViewController.swift */,
				27D594AC1DD4146D00A5C3CE /* PostsTableViewController.swift */,
				27D594B11DD4E92D00A5C3CE /* ProfileViewController.swift */,
				27D594B51DD6555800A5C3CE /* FilterViewController.swift */,
			);
			name = Controller;
			sourceTree = "<group>";
		};
		C77CA79EEC923B9087CC3000 /* Frameworks */ = {
			isa = PBXGroup;
			children = (
				88B025F93F1FA84A36793E9B /* Pods_MentorMe.framework */,
			);
			name = Frameworks;
			sourceTree = "<group>";
		};
		E17B24E02B48BFB5FEA89D1E /* Pods */ = {
			isa = PBXGroup;
			children = (
				4D0ADDD511F4D28787030B17 /* Pods-MentorMe.debug.xcconfig */,
				900C7364CB3B1C09C59BD3A0 /* Pods-MentorMe.release.xcconfig */,
			);
			name = Pods;
			sourceTree = "<group>";
		};
/* End PBXGroup section */

/* Begin PBXNativeTarget section */
		276B2FB21DCBA81200CC1F8B /* MentorMe */ = {
			isa = PBXNativeTarget;
			buildConfigurationList = 276B2FC51DCBA81200CC1F8B /* Build configuration list for PBXNativeTarget "MentorMe" */;
			buildPhases = (
				F164441D73A99CCAAA7E2975 /* [CP] Check Pods Manifest.lock */,
				276B2FAF1DCBA81200CC1F8B /* Sources */,
				276B2FB01DCBA81200CC1F8B /* Frameworks */,
				276B2FB11DCBA81200CC1F8B /* Resources */,
				9559C7B720530D000A7858E5 /* [CP] Embed Pods Frameworks */,
				258DF5DF18BE97C411D99DFA /* [CP] Copy Pods Resources */,
			);
			buildRules = (
			);
			dependencies = (
			);
			name = MentorMe;
			productName = MentorMe;
			productReference = 276B2FB31DCBA81200CC1F8B /* MentorMe.app */;
			productType = "com.apple.product-type.application";
		};
/* End PBXNativeTarget section */

/* Begin PBXProject section */
		276B2FAB1DCBA81200CC1F8B /* Project object */ = {
			isa = PBXProject;
			attributes = {
				LastSwiftUpdateCheck = 0810;
				LastUpgradeCheck = 0810;
				ORGANIZATIONNAME = "Dylan Robson";
				TargetAttributes = {
					276B2FB21DCBA81200CC1F8B = {
						CreatedOnToolsVersion = 8.1;
						ProvisioningStyle = Automatic;
					};
				};
			};
			buildConfigurationList = 276B2FAE1DCBA81200CC1F8B /* Build configuration list for PBXProject "MentorMe" */;
			compatibilityVersion = "Xcode 3.2";
			developmentRegion = English;
			hasScannedForEncodings = 0;
			knownRegions = (
				en,
				Base,
			);
			mainGroup = 276B2FAA1DCBA81200CC1F8B;
			productRefGroup = 276B2FB41DCBA81200CC1F8B /* Products */;
			projectDirPath = "";
			projectRoot = "";
			targets = (
				276B2FB21DCBA81200CC1F8B /* MentorMe */,
			);
		};
/* End PBXProject section */

/* Begin PBXResourcesBuildPhase section */
		276B2FB11DCBA81200CC1F8B /* Resources */ = {
			isa = PBXResourcesBuildPhase;
			buildActionMask = 2147483647;
			files = (
				276B2FC11DCBA81200CC1F8B /* LaunchScreen.storyboard in Resources */,
				271F9D101DD2C2F8009188E5 /* GoogleService-Info.plist in Resources */,
				276B2FBE1DCBA81200CC1F8B /* Assets.xcassets in Resources */,
				276B2FBC1DCBA81200CC1F8B /* Main.storyboard in Resources */,
			);
			runOnlyForDeploymentPostprocessing = 0;
		};
/* End PBXResourcesBuildPhase section */

/* Begin PBXShellScriptBuildPhase section */
		258DF5DF18BE97C411D99DFA /* [CP] Copy Pods Resources */ = {
			isa = PBXShellScriptBuildPhase;
			buildActionMask = 2147483647;
			files = (
			);
			inputPaths = (
			);
			name = "[CP] Copy Pods Resources";
			outputPaths = (
			);
			runOnlyForDeploymentPostprocessing = 0;
			shellPath = /bin/sh;
			shellScript = "\"${SRCROOT}/Pods/Target Support Files/Pods-MentorMe/Pods-MentorMe-resources.sh\"\n";
			showEnvVarsInLog = 0;
		};
		9559C7B720530D000A7858E5 /* [CP] Embed Pods Frameworks */ = {
			isa = PBXShellScriptBuildPhase;
			buildActionMask = 2147483647;
			files = (
			);
			inputPaths = (
			);
			name = "[CP] Embed Pods Frameworks";
			outputPaths = (
			);
			runOnlyForDeploymentPostprocessing = 0;
			shellPath = /bin/sh;
			shellScript = "\"${SRCROOT}/Pods/Target Support Files/Pods-MentorMe/Pods-MentorMe-frameworks.sh\"\n";
			showEnvVarsInLog = 0;
		};
		F164441D73A99CCAAA7E2975 /* [CP] Check Pods Manifest.lock */ = {
			isa = PBXShellScriptBuildPhase;
			buildActionMask = 2147483647;
			files = (
			);
			inputPaths = (
			);
			name = "[CP] Check Pods Manifest.lock";
			outputPaths = (
			);
			runOnlyForDeploymentPostprocessing = 0;
			shellPath = /bin/sh;
			shellScript = "diff \"${PODS_ROOT}/../Podfile.lock\" \"${PODS_ROOT}/Manifest.lock\" > /dev/null\nif [ $? != 0 ] ; then\n    # print error to STDERR\n    echo \"error: The sandbox is not in sync with the Podfile.lock. Run 'pod install' or update your CocoaPods installation.\" >&2\n    exit 1\nfi\n";
			showEnvVarsInLog = 0;
		};
/* End PBXShellScriptBuildPhase section */

/* Begin PBXSourcesBuildPhase section */
		276B2FAF1DCBA81200CC1F8B /* Sources */ = {
			isa = PBXSourcesBuildPhase;
			buildActionMask = 2147483647;
			files = (
				271F9D121DD2DF4F009188E5 /* User.swift in Sources */,
				27D594AD1DD4146D00A5C3CE /* PostsTableViewController.swift in Sources */,
				276B2FC91DCBA83600CC1F8B /* Post.swift in Sources */,
				27D594B61DD6555800A5C3CE /* FilterViewController.swift in Sources */,
				27D594B01DD4E59900A5C3CE /* Profile.swift in Sources */,
				276B2FB91DCBA81200CC1F8B /* ViewController.swift in Sources */,
				27D594AB1DD3B40000A5C3CE /* PostType.swift in Sources */,
				27D594B21DD4E92D00A5C3CE /* ProfileViewController.swift in Sources */,
				276B2FB71DCBA81200CC1F8B /* AppDelegate.swift in Sources */,
			);
			runOnlyForDeploymentPostprocessing = 0;
		};
/* End PBXSourcesBuildPhase section */

/* Begin PBXVariantGroup section */
		276B2FBA1DCBA81200CC1F8B /* Main.storyboard */ = {
			isa = PBXVariantGroup;
			children = (
				276B2FBB1DCBA81200CC1F8B /* Base */,
			);
			name = Main.storyboard;
			sourceTree = "<group>";
		};
		276B2FBF1DCBA81200CC1F8B /* LaunchScreen.storyboard */ = {
			isa = PBXVariantGroup;
			children = (
				276B2FC01DCBA81200CC1F8B /* Base */,
			);
			name = LaunchScreen.storyboard;
			sourceTree = "<group>";
		};
/* End PBXVariantGroup section */

/* Begin XCBuildConfiguration section */
		276B2FC31DCBA81200CC1F8B /* Debug */ = {
			isa = XCBuildConfiguration;
			buildSettings = {
				ALWAYS_SEARCH_USER_PATHS = NO;
				CLANG_ANALYZER_NONNULL = YES;
				CLANG_CXX_LANGUAGE_STANDARD = "gnu++0x";
				CLANG_CXX_LIBRARY = "libc++";
				CLANG_ENABLE_MODULES = YES;
				CLANG_ENABLE_OBJC_ARC = YES;
				CLANG_WARN_BOOL_CONVERSION = YES;
				CLANG_WARN_CONSTANT_CONVERSION = YES;
				CLANG_WARN_DIRECT_OBJC_ISA_USAGE = YES_ERROR;
				CLANG_WARN_DOCUMENTATION_COMMENTS = YES;
				CLANG_WARN_EMPTY_BODY = YES;
				CLANG_WARN_ENUM_CONVERSION = YES;
				CLANG_WARN_INFINITE_RECURSION = YES;
				CLANG_WARN_INT_CONVERSION = YES;
				CLANG_WARN_OBJC_ROOT_CLASS = YES_ERROR;
				CLANG_WARN_SUSPICIOUS_MOVES = YES;
				CLANG_WARN_UNREACHABLE_CODE = YES;
				CLANG_WARN__DUPLICATE_METHOD_MATCH = YES;
				"CODE_SIGN_IDENTITY[sdk=iphoneos*]" = "iPhone Developer";
				COPY_PHASE_STRIP = NO;
				DEBUG_INFORMATION_FORMAT = dwarf;
				ENABLE_STRICT_OBJC_MSGSEND = YES;
				ENABLE_TESTABILITY = YES;
				GCC_C_LANGUAGE_STANDARD = gnu99;
				GCC_DYNAMIC_NO_PIC = NO;
				GCC_NO_COMMON_BLOCKS = YES;
				GCC_OPTIMIZATION_LEVEL = 0;
				GCC_PREPROCESSOR_DEFINITIONS = (
					"DEBUG=1",
					"$(inherited)",
				);
				GCC_WARN_64_TO_32_BIT_CONVERSION = YES;
				GCC_WARN_ABOUT_RETURN_TYPE = YES_ERROR;
				GCC_WARN_UNDECLARED_SELECTOR = YES;
				GCC_WARN_UNINITIALIZED_AUTOS = YES_AGGRESSIVE;
				GCC_WARN_UNUSED_FUNCTION = YES;
				GCC_WARN_UNUSED_VARIABLE = YES;
				IPHONEOS_DEPLOYMENT_TARGET = 10.1;
				MTL_ENABLE_DEBUG_INFO = YES;
				ONLY_ACTIVE_ARCH = YES;
				SDKROOT = iphoneos;
				SWIFT_ACTIVE_COMPILATION_CONDITIONS = DEBUG;
				SWIFT_OPTIMIZATION_LEVEL = "-Onone";
			};
			name = Debug;
		};
		276B2FC41DCBA81200CC1F8B /* Release */ = {
			isa = XCBuildConfiguration;
			buildSettings = {
				ALWAYS_SEARCH_USER_PATHS = NO;
				CLANG_ANALYZER_NONNULL = YES;
				CLANG_CXX_LANGUAGE_STANDARD = "gnu++0x";
				CLANG_CXX_LIBRARY = "libc++";
				CLANG_ENABLE_MODULES = YES;
				CLANG_ENABLE_OBJC_ARC = YES;
				CLANG_WARN_BOOL_CONVERSION = YES;
				CLANG_WARN_CONSTANT_CONVERSION = YES;
				CLANG_WARN_DIRECT_OBJC_ISA_USAGE = YES_ERROR;
				CLANG_WARN_DOCUMENTATION_COMMENTS = YES;
				CLANG_WARN_EMPTY_BODY = YES;
				CLANG_WARN_ENUM_CONVERSION = YES;
				CLANG_WARN_INFINITE_RECURSION = YES;
				CLANG_WARN_INT_CONVERSION = YES;
				CLANG_WARN_OBJC_ROOT_CLASS = YES_ERROR;
				CLANG_WARN_SUSPICIOUS_MOVES = YES;
				CLANG_WARN_UNREACHABLE_CODE = YES;
				CLANG_WARN__DUPLICATE_METHOD_MATCH = YES;
				"CODE_SIGN_IDENTITY[sdk=iphoneos*]" = "iPhone Developer";
				COPY_PHASE_STRIP = NO;
				DEBUG_INFORMATION_FORMAT = "dwarf-with-dsym";
				ENABLE_NS_ASSERTIONS = NO;
				ENABLE_STRICT_OBJC_MSGSEND = YES;
				GCC_C_LANGUAGE_STANDARD = gnu99;
				GCC_NO_COMMON_BLOCKS = YES;
				GCC_WARN_64_TO_32_BIT_CONVERSION = YES;
				GCC_WARN_ABOUT_RETURN_TYPE = YES_ERROR;
				GCC_WARN_UNDECLARED_SELECTOR = YES;
				GCC_WARN_UNINITIALIZED_AUTOS = YES_AGGRESSIVE;
				GCC_WARN_UNUSED_FUNCTION = YES;
				GCC_WARN_UNUSED_VARIABLE = YES;
				IPHONEOS_DEPLOYMENT_TARGET = 10.1;
				MTL_ENABLE_DEBUG_INFO = NO;
				SDKROOT = iphoneos;
				SWIFT_OPTIMIZATION_LEVEL = "-Owholemodule";
				VALIDATE_PRODUCT = YES;
			};
			name = Release;
		};
		276B2FC61DCBA81200CC1F8B /* Debug */ = {
			isa = XCBuildConfiguration;
			baseConfigurationReference = 4D0ADDD511F4D28787030B17 /* Pods-MentorMe.debug.xcconfig */;
			buildSettings = {
				ASSETCATALOG_COMPILER_APPICON_NAME = AppIcon;
				INFOPLIST_FILE = MentorMe/Info.plist;
				LD_RUNPATH_SEARCH_PATHS = "$(inherited) @executable_path/Frameworks";
				PRODUCT_BUNDLE_IDENTIFIER = com.example.MentorMe;
				PRODUCT_NAME = "$(TARGET_NAME)";
				SWIFT_VERSION = 3.0;
			};
			name = Debug;
		};
		276B2FC71DCBA81200CC1F8B /* Release */ = {
			isa = XCBuildConfiguration;
			baseConfigurationReference = 900C7364CB3B1C09C59BD3A0 /* Pods-MentorMe.release.xcconfig */;
			buildSettings = {
				ASSETCATALOG_COMPILER_APPICON_NAME = AppIcon;
				INFOPLIST_FILE = MentorMe/Info.plist;
				LD_RUNPATH_SEARCH_PATHS = "$(inherited) @executable_path/Frameworks";
				PRODUCT_BUNDLE_IDENTIFIER = com.example.MentorMe;
				PRODUCT_NAME = "$(TARGET_NAME)";
				SWIFT_VERSION = 3.0;
			};
			name = Release;
		};
/* End XCBuildConfiguration section */

/* Begin XCConfigurationList section */
		276B2FAE1DCBA81200CC1F8B /* Build configuration list for PBXProject "MentorMe" */ = {
			isa = XCConfigurationList;
			buildConfigurations = (
				276B2FC31DCBA81200CC1F8B /* Debug */,
				276B2FC41DCBA81200CC1F8B /* Release */,
			);
			defaultConfigurationIsVisible = 0;
			defaultConfigurationName = Release;
		};
		276B2FC51DCBA81200CC1F8B /* Build configuration list for PBXNativeTarget "MentorMe" */ = {
			isa = XCConfigurationList;
			buildConfigurations = (
				276B2FC61DCBA81200CC1F8B /* Debug */,
				276B2FC71DCBA81200CC1F8B /* Release */,
			);
			defaultConfigurationIsVisible = 0;
			defaultConfigurationName = Release;
		};
/* End XCConfigurationList section */
	};
	rootObject = 276B2FAB1DCBA81200CC1F8B /* Project object */;
}
